// !$*UTF8*$!
{
	archiveVersion = 1;
	classes = {
	};
	objectVersion = 50;
	objects = {

/* Begin PBXBuildFile section */
		26161CCD234FF7E700B68202 /* AppDelegate.swift in Sources */ = {isa = PBXBuildFile; fileRef = 26161CCC234FF7E700B68202 /* AppDelegate.swift */; };
		26161CCF234FF7E700B68202 /* SceneDelegate.swift in Sources */ = {isa = PBXBuildFile; fileRef = 26161CCE234FF7E700B68202 /* SceneDelegate.swift */; };
		26161CD1234FF7E700B68202 /* ContentView.swift in Sources */ = {isa = PBXBuildFile; fileRef = 26161CD0234FF7E700B68202 /* ContentView.swift */; };
		26161CD3234FF7EB00B68202 /* Assets.xcassets in Resources */ = {isa = PBXBuildFile; fileRef = 26161CD2234FF7EB00B68202 /* Assets.xcassets */; };
		26161CD6234FF7EB00B68202 /* Preview Assets.xcassets in Resources */ = {isa = PBXBuildFile; fileRef = 26161CD5234FF7EB00B68202 /* Preview Assets.xcassets */; };
		26161CD9234FF7EB00B68202 /* LaunchScreen.storyboard in Resources */ = {isa = PBXBuildFile; fileRef = 26161CD7234FF7EB00B68202 /* LaunchScreen.storyboard */; };
		26161CE4234FF7EB00B68202 /* coolcraigTests.swift in Sources */ = {isa = PBXBuildFile; fileRef = 26161CE3234FF7EB00B68202 /* coolcraigTests.swift */; };
		26161CEF234FF7EB00B68202 /* coolcraigUITests.swift in Sources */ = {isa = PBXBuildFile; fileRef = 26161CEE234FF7EB00B68202 /* coolcraigUITests.swift */; };
/* End PBXBuildFile section */

/* Begin PBXContainerItemProxy section */
		26161CE0234FF7EB00B68202 /* PBXContainerItemProxy */ = {
			isa = PBXContainerItemProxy;
			containerPortal = 26161CC1234FF7E700B68202 /* Project object */;
			proxyType = 1;
			remoteGlobalIDString = 26161CC8234FF7E700B68202;
			remoteInfo = coolcraig;
		};
		26161CEB234FF7EB00B68202 /* PBXContainerItemProxy */ = {
			isa = PBXContainerItemProxy;
			containerPortal = 26161CC1234FF7E700B68202 /* Project object */;
			proxyType = 1;
			remoteGlobalIDString = 26161CC8234FF7E700B68202;
			remoteInfo = coolcraig;
		};
/* End PBXContainerItemProxy section */

/* Begin PBXFileReference section */
		26161CC9234FF7E700B68202 /* coolcraig.app */ = {isa = PBXFileReference; explicitFileType = wrapper.application; includeInIndex = 0; path = coolcraig.app; sourceTree = BUILT_PRODUCTS_DIR; };
		26161CCC234FF7E700B68202 /* AppDelegate.swift */ = {isa = PBXFileReference; lastKnownFileType = sourcecode.swift; path = AppDelegate.swift; sourceTree = "<group>"; };
		26161CCE234FF7E700B68202 /* SceneDelegate.swift */ = {isa = PBXFileReference; lastKnownFileType = sourcecode.swift; path = SceneDelegate.swift; sourceTree = "<group>"; };
		26161CD0234FF7E700B68202 /* ContentView.swift */ = {isa = PBXFileReference; lastKnownFileType = sourcecode.swift; path = ContentView.swift; sourceTree = "<group>"; };
		26161CD2234FF7EB00B68202 /* Assets.xcassets */ = {isa = PBXFileReference; lastKnownFileType = folder.assetcatalog; path = Assets.xcassets; sourceTree = "<group>"; };
		26161CD5234FF7EB00B68202 /* Preview Assets.xcassets */ = {isa = PBXFileReference; lastKnownFileType = folder.assetcatalog; path = "Preview Assets.xcassets"; sourceTree = "<group>"; };
		26161CD8234FF7EB00B68202 /* Base */ = {isa = PBXFileReference; lastKnownFileType = file.storyboard; name = Base; path = Base.lproj/LaunchScreen.storyboard; sourceTree = "<group>"; };
		26161CDA234FF7EB00B68202 /* Info.plist */ = {isa = PBXFileReference; lastKnownFileType = text.plist.xml; path = Info.plist; sourceTree = "<group>"; };
		26161CDF234FF7EB00B68202 /* coolcraigTests.xctest */ = {isa = PBXFileReference; explicitFileType = wrapper.cfbundle; includeInIndex = 0; path = coolcraigTests.xctest; sourceTree = BUILT_PRODUCTS_DIR; };
		26161CE3234FF7EB00B68202 /* coolcraigTests.swift */ = {isa = PBXFileReference; lastKnownFileType = sourcecode.swift; path = coolcraigTests.swift; sourceTree = "<group>"; };
		26161CE5234FF7EB00B68202 /* Info.plist */ = {isa = PBXFileReference; lastKnownFileType = text.plist.xml; path = Info.plist; sourceTree = "<group>"; };
		26161CEA234FF7EB00B68202 /* coolcraigUITests.xctest */ = {isa = PBXFileReference; explicitFileType = wrapper.cfbundle; includeInIndex = 0; path = coolcraigUITests.xctest; sourceTree = BUILT_PRODUCTS_DIR; };
		26161CEE234FF7EB00B68202 /* coolcraigUITests.swift */ = {isa = PBXFileReference; lastKnownFileType = sourcecode.swift; path = coolcraigUITests.swift; sourceTree = "<group>"; };
		26161CF0234FF7EB00B68202 /* Info.plist */ = {isa = PBXFileReference; lastKnownFileType = text.plist.xml; path = Info.plist; sourceTree = "<group>"; };
/* End PBXFileReference section */

/* Begin PBXFrameworksBuildPhase section */
		26161CC6234FF7E700B68202 /* Frameworks */ = {
			isa = PBXFrameworksBuildPhase;
			buildActionMask = 2147483647;
			files = (
			);
			runOnlyForDeploymentPostprocessing = 0;
		};
		26161CDC234FF7EB00B68202 /* Frameworks */ = {
			isa = PBXFrameworksBuildPhase;
			buildActionMask = 2147483647;
			files = (
			);
			runOnlyForDeploymentPostprocessing = 0;
		};
		26161CE7234FF7EB00B68202 /* Frameworks */ = {
			isa = PBXFrameworksBuildPhase;
			buildActionMask = 2147483647;
			files = (
			);
			runOnlyForDeploymentPostprocessing = 0;
		};
/* End PBXFrameworksBuildPhase section */

/* Begin PBXGroup section */
		26161CC0234FF7E700B68202 = {
			isa = PBXGroup;
			children = (
				26161CCB234FF7E700B68202 /* coolcraig */,
				26161CE2234FF7EB00B68202 /* coolcraigTests */,
				26161CED234FF7EB00B68202 /* coolcraigUITests */,
				26161CCA234FF7E700B68202 /* Products */,
			);
			sourceTree = "<group>";
		};
		26161CCA234FF7E700B68202 /* Products */ = {
			isa = PBXGroup;
			children = (
				26161CC9234FF7E700B68202 /* coolcraig.app */,
				26161CDF234FF7EB00B68202 /* coolcraigTests.xctest */,
				26161CEA234FF7EB00B68202 /* coolcraigUITests.xctest */,
			);
			name = Products;
			sourceTree = "<group>";
		};
		26161CCB234FF7E700B68202 /* coolcraig */ = {
			isa = PBXGroup;
			children = (
				26161CCC234FF7E700B68202 /* AppDelegate.swift */,
				26161CCE234FF7E700B68202 /* SceneDelegate.swift */,
				26161CD0234FF7E700B68202 /* ContentView.swift */,
				26161CD2234FF7EB00B68202 /* Assets.xcassets */,
				26161CD7234FF7EB00B68202 /* LaunchScreen.storyboard */,
				26161CDA234FF7EB00B68202 /* Info.plist */,
				26161CD4234FF7EB00B68202 /* Preview Content */,
			);
			path = coolcraig;
			sourceTree = "<group>";
		};
		26161CD4234FF7EB00B68202 /* Preview Content */ = {
			isa = PBXGroup;
			children = (
				26161CD5234FF7EB00B68202 /* Preview Assets.xcassets */,
			);
			path = "Preview Content";
			sourceTree = "<group>";
		};
		26161CE2234FF7EB00B68202 /* coolcraigTests */ = {
			isa = PBXGroup;
			children = (
				26161CE3234FF7EB00B68202 /* coolcraigTests.swift */,
				26161CE5234FF7EB00B68202 /* Info.plist */,
			);
			path = coolcraigTests;
			sourceTree = "<group>";
		};
		26161CED234FF7EB00B68202 /* coolcraigUITests */ = {
			isa = PBXGroup;
			children = (
				26161CEE234FF7EB00B68202 /* coolcraigUITests.swift */,
				26161CF0234FF7EB00B68202 /* Info.plist */,
			);
			path = coolcraigUITests;
			sourceTree = "<group>";
		};
/* End PBXGroup section */

/* Begin PBXNativeTarget section */
		26161CC8234FF7E700B68202 /* coolcraig */ = {
			isa = PBXNativeTarget;
			buildConfigurationList = 26161CF3234FF7EB00B68202 /* Build configuration list for PBXNativeTarget "coolcraig" */;
			buildPhases = (
				26161CC5234FF7E700B68202 /* Sources */,
				26161CC6234FF7E700B68202 /* Frameworks */,
				26161CC7234FF7E700B68202 /* Resources */,
			);
			buildRules = (
			);
			dependencies = (
			);
			name = coolcraig;
			productName = coolcraig;
			productReference = 26161CC9234FF7E700B68202 /* coolcraig.app */;
			productType = "com.apple.product-type.application";
		};
		26161CDE234FF7EB00B68202 /* coolcraigTests */ = {
			isa = PBXNativeTarget;
			buildConfigurationList = 26161CF6234FF7EB00B68202 /* Build configuration list for PBXNativeTarget "coolcraigTests" */;
			buildPhases = (
				26161CDB234FF7EB00B68202 /* Sources */,
				26161CDC234FF7EB00B68202 /* Frameworks */,
				26161CDD234FF7EB00B68202 /* Resources */,
			);
			buildRules = (
			);
			dependencies = (
				26161CE1234FF7EB00B68202 /* PBXTargetDependency */,
			);
			name = coolcraigTests;
			productName = coolcraigTests;
			productReference = 26161CDF234FF7EB00B68202 /* coolcraigTests.xctest */;
			productType = "com.apple.product-type.bundle.unit-test";
		};
		26161CE9234FF7EB00B68202 /* coolcraigUITests */ = {
			isa = PBXNativeTarget;
			buildConfigurationList = 26161CF9234FF7EB00B68202 /* Build configuration list for PBXNativeTarget "coolcraigUITests" */;
			buildPhases = (
				26161CE6234FF7EB00B68202 /* Sources */,
				26161CE7234FF7EB00B68202 /* Frameworks */,
				26161CE8234FF7EB00B68202 /* Resources */,
			);
			buildRules = (
			);
			dependencies = (
				26161CEC234FF7EB00B68202 /* PBXTargetDependency */,
			);
			name = coolcraigUITests;
			productName = coolcraigUITests;
			productReference = 26161CEA234FF7EB00B68202 /* coolcraigUITests.xctest */;
			productType = "com.apple.product-type.bundle.ui-testing";
		};
/* End PBXNativeTarget section */

/* Begin PBXProject section */
		26161CC1234FF7E700B68202 /* Project object */ = {
			isa = PBXProject;
			attributes = {
				LastSwiftUpdateCheck = 1100;
				LastUpgradeCheck = 1100;
				TargetAttributes = {
					26161CC8234FF7E700B68202 = {
						CreatedOnToolsVersion = 11.0;
					};
					26161CDE234FF7EB00B68202 = {
						CreatedOnToolsVersion = 11.0;
						TestTargetID = 26161CC8234FF7E700B68202;
					};
					26161CE9234FF7EB00B68202 = {
						CreatedOnToolsVersion = 11.0;
						TestTargetID = 26161CC8234FF7E700B68202;
					};
				};
			};
			buildConfigurationList = 26161CC4234FF7E700B68202 /* Build configuration list for PBXProject "coolcraig" */;
			compatibilityVersion = "Xcode 9.3";
			developmentRegion = en;
			hasScannedForEncodings = 0;
			knownRegions = (
				en,
				Base,
			);
			mainGroup = 26161CC0234FF7E700B68202;
			productRefGroup = 26161CCA234FF7E700B68202 /* Products */;
			projectDirPath = "";
			projectRoot = "";
			targets = (
				26161CC8234FF7E700B68202 /* coolcraig */,
				26161CDE234FF7EB00B68202 /* coolcraigTests */,
				26161CE9234FF7EB00B68202 /* coolcraigUITests */,
			);
		};
/* End PBXProject section */

/* Begin PBXResourcesBuildPhase section */
		26161CC7234FF7E700B68202 /* Resources */ = {
			isa = PBXResourcesBuildPhase;
			buildActionMask = 2147483647;
			files = (
				26161CD9234FF7EB00B68202 /* LaunchScreen.storyboard in Resources */,
				26161CD6234FF7EB00B68202 /* Preview Assets.xcassets in Resources */,
				26161CD3234FF7EB00B68202 /* Assets.xcassets in Resources */,
			);
			runOnlyForDeploymentPostprocessing = 0;
		};
		26161CDD234FF7EB00B68202 /* Resources */ = {
			isa = PBXResourcesBuildPhase;
			buildActionMask = 2147483647;
			files = (
			);
			runOnlyForDeploymentPostprocessing = 0;
		};
		26161CE8234FF7EB00B68202 /* Resources */ = {
			isa = PBXResourcesBuildPhase;
			buildActionMask = 2147483647;
			files = (
			);
			runOnlyForDeploymentPostprocessing = 0;
		};
/* End PBXResourcesBuildPhase section */

/* Begin PBXSourcesBuildPhase section */
		26161CC5234FF7E700B68202 /* Sources */ = {
			isa = PBXSourcesBuildPhase;
			buildActionMask = 2147483647;
			files = (
				26161CCD234FF7E700B68202 /* AppDelegate.swift in Sources */,
				26161CCF234FF7E700B68202 /* SceneDelegate.swift in Sources */,
				26161CD1234FF7E700B68202 /* ContentView.swift in Sources */,
			);
			runOnlyForDeploymentPostprocessing = 0;
		};
		26161CDB234FF7EB00B68202 /* Sources */ = {
			isa = PBXSourcesBuildPhase;
			buildActionMask = 2147483647;
			files = (
				26161CE4234FF7EB00B68202 /* coolcraigTests.swift in Sources */,
			);
			runOnlyForDeploymentPostprocessing = 0;
		};
		26161CE6234FF7EB00B68202 /* Sources */ = {
			isa = PBXSourcesBuildPhase;
			buildActionMask = 2147483647;
			files = (
				26161CEF234FF7EB00B68202 /* coolcraigUITests.swift in Sources */,
			);
			runOnlyForDeploymentPostprocessing = 0;
		};
/* End PBXSourcesBuildPhase section */

/* Begin PBXTargetDependency section */
		26161CE1234FF7EB00B68202 /* PBXTargetDependency */ = {
			isa = PBXTargetDependency;
			target = 26161CC8234FF7E700B68202 /* coolcraig */;
			targetProxy = 26161CE0234FF7EB00B68202 /* PBXContainerItemProxy */;
		};
		26161CEC234FF7EB00B68202 /* PBXTargetDependency */ = {
			isa = PBXTargetDependency;
			target = 26161CC8234FF7E700B68202 /* coolcraig */;
			targetProxy = 26161CEB234FF7EB00B68202 /* PBXContainerItemProxy */;
		};
/* End PBXTargetDependency section */

/* Begin PBXVariantGroup section */
		26161CD7234FF7EB00B68202 /* LaunchScreen.storyboard */ = {
			isa = PBXVariantGroup;
			children = (
				26161CD8234FF7EB00B68202 /* Base */,
			);
			name = LaunchScreen.storyboard;
			sourceTree = "<group>";
		};
/* End PBXVariantGroup section */

/* Begin XCBuildConfiguration section */
		26161CF1234FF7EB00B68202 /* Debug */ = {
			isa = XCBuildConfiguration;
			buildSettings = {
				ALWAYS_SEARCH_USER_PATHS = NO;
				CLANG_ANALYZER_NONNULL = YES;
				CLANG_ANALYZER_NUMBER_OBJECT_CONVERSION = YES_AGGRESSIVE;
				CLANG_CXX_LANGUAGE_STANDARD = "gnu++14";
				CLANG_CXX_LIBRARY = "libc++";
				CLANG_ENABLE_MODULES = YES;
				CLANG_ENABLE_OBJC_ARC = YES;
				CLANG_ENABLE_OBJC_WEAK = YES;
				CLANG_WARN_BLOCK_CAPTURE_AUTORELEASING = YES;
				CLANG_WARN_BOOL_CONVERSION = YES;
				CLANG_WARN_COMMA = YES;
				CLANG_WARN_CONSTANT_CONVERSION = YES;
				CLANG_WARN_DEPRECATED_OBJC_IMPLEMENTATIONS = YES;
				CLANG_WARN_DIRECT_OBJC_ISA_USAGE = YES_ERROR;
				CLANG_WARN_DOCUMENTATION_COMMENTS = YES;
				CLANG_WARN_EMPTY_BODY = YES;
				CLANG_WARN_ENUM_CONVERSION = YES;
				CLANG_WARN_INFINITE_RECURSION = YES;
				CLANG_WARN_INT_CONVERSION = YES;
				CLANG_WARN_NON_LITERAL_NULL_CONVERSION = YES;
				CLANG_WARN_OBJC_IMPLICIT_RETAIN_SELF = YES;
				CLANG_WARN_OBJC_LITERAL_CONVERSION = YES;
				CLANG_WARN_OBJC_ROOT_CLASS = YES_ERROR;
				CLANG_WARN_RANGE_LOOP_ANALYSIS = YES;
				CLANG_WARN_STRICT_PROTOTYPES = YES;
				CLANG_WARN_SUSPICIOUS_MOVE = YES;
				CLANG_WARN_UNGUARDED_AVAILABILITY = YES_AGGRESSIVE;
				CLANG_WARN_UNREACHABLE_CODE = YES;
				CLANG_WARN__DUPLICATE_METHOD_MATCH = YES;
				COPY_PHASE_STRIP = NO;
				DEBUG_INFORMATION_FORMAT = dwarf;
				ENABLE_STRICT_OBJC_MSGSEND = YES;
				ENABLE_TESTABILITY = YES;
				GCC_C_LANGUAGE_STANDARD = gnu11;
				GCC_DYNAMIC_NO_PIC = NO;
				GCC_NO_COMMON_BLOCKS = YES;
				GCC_OPTIMIZATION_LEVEL = 0;
				GCC_PREPROCESSOR_DEFINITIONS = (
					"DEBUG=1",
					"$(inherited)",
				);
				GCC_WARN_64_TO_32_BIT_CONVERSION = YES;
				GCC_WARN_ABOUT_RETURN_TYPE = YES_ERROR;
				GCC_WARN_UNDECLARED_SELECTOR = YES;
				GCC_WARN_UNINITIALIZED_AUTOS = YES_AGGRESSIVE;
				GCC_WARN_UNUSED_FUNCTION = YES;
				GCC_WARN_UNUSED_VARIABLE = YES;
				IPHONEOS_DEPLOYMENT_TARGET = 13.0;
				MTL_ENABLE_DEBUG_INFO = INCLUDE_SOURCE;
				MTL_FAST_MATH = YES;
				ONLY_ACTIVE_ARCH = YES;
				SDKROOT = iphoneos;
				SWIFT_ACTIVE_COMPILATION_CONDITIONS = DEBUG;
				SWIFT_OPTIMIZATION_LEVEL = "-Onone";
			};
			name = Debug;
		};
		26161CF2234FF7EB00B68202 /* Release */ = {
			isa = XCBuildConfiguration;
			buildSettings = {
				ALWAYS_SEARCH_USER_PATHS = NO;
				CLANG_ANALYZER_NONNULL = YES;
				CLANG_ANALYZER_NUMBER_OBJECT_CONVERSION = YES_AGGRESSIVE;
				CLANG_CXX_LANGUAGE_STANDARD = "gnu++14";
				CLANG_CXX_LIBRARY = "libc++";
				CLANG_ENABLE_MODULES = YES;
				CLANG_ENABLE_OBJC_ARC = YES;
				CLANG_ENABLE_OBJC_WEAK = YES;
				CLANG_WARN_BLOCK_CAPTURE_AUTORELEASING = YES;
				CLANG_WARN_BOOL_CONVERSION = YES;
				CLANG_WARN_COMMA = YES;
				CLANG_WARN_CONSTANT_CONVERSION = YES;
				CLANG_WARN_DEPRECATED_OBJC_IMPLEMENTATIONS = YES;
				CLANG_WARN_DIRECT_OBJC_ISA_USAGE = YES_ERROR;
				CLANG_WARN_DOCUMENTATION_COMMENTS = YES;
				CLANG_WARN_EMPTY_BODY = YES;
				CLANG_WARN_ENUM_CONVERSION = YES;
				CLANG_WARN_INFINITE_RECURSION = YES;
				CLANG_WARN_INT_CONVERSION = YES;
				CLANG_WARN_NON_LITERAL_NULL_CONVERSION = YES;
				CLANG_WARN_OBJC_IMPLICIT_RETAIN_SELF = YES;
				CLANG_WARN_OBJC_LITERAL_CONVERSION = YES;
				CLANG_WARN_OBJC_ROOT_CLASS = YES_ERROR;
				CLANG_WARN_RANGE_LOOP_ANALYSIS = YES;
				CLANG_WARN_STRICT_PROTOTYPES = YES;
				CLANG_WARN_SUSPICIOUS_MOVE = YES;
				CLANG_WARN_UNGUARDED_AVAILABILITY = YES_AGGRESSIVE;
				CLANG_WARN_UNREACHABLE_CODE = YES;
				CLANG_WARN__DUPLICATE_METHOD_MATCH = YES;
				COPY_PHASE_STRIP = NO;
				DEBUG_INFORMATION_FORMAT = "dwarf-with-dsym";
				ENABLE_NS_ASSERTIONS = NO;
				ENABLE_STRICT_OBJC_MSGSEND = YES;
				GCC_C_LANGUAGE_STANDARD = gnu11;
				GCC_NO_COMMON_BLOCKS = YES;
				GCC_WARN_64_TO_32_BIT_CONVERSION = YES;
				GCC_WARN_ABOUT_RETURN_TYPE = YES_ERROR;
				GCC_WARN_UNDECLARED_SELECTOR = YES;
				GCC_WARN_UNINITIALIZED_AUTOS = YES_AGGRESSIVE;
				GCC_WARN_UNUSED_FUNCTION = YES;
				GCC_WARN_UNUSED_VARIABLE = YES;
				IPHONEOS_DEPLOYMENT_TARGET = 13.0;
				MTL_ENABLE_DEBUG_INFO = NO;
				MTL_FAST_MATH = YES;
				SDKROOT = iphoneos;
				SWIFT_COMPILATION_MODE = wholemodule;
				SWIFT_OPTIMIZATION_LEVEL = "-O";
				VALIDATE_PRODUCT = YES;
			};
			name = Release;
		};
		26161CF4234FF7EB00B68202 /* Debug */ = {
			isa = XCBuildConfiguration;
			buildSettings = {
				ASSETCATALOG_COMPILER_APPICON_NAME = AppIcon;
				CODE_SIGN_STYLE = Automatic;
				DEVELOPMENT_ASSET_PATHS = "\"coolcraig/Preview Content\"";
				ENABLE_PREVIEWS = YES;
				INFOPLIST_FILE = coolcraig/Info.plist;
				LD_RUNPATH_SEARCH_PATHS = (
					"$(inherited)",
					"@executable_path/Frameworks",
				);
				PRODUCT_BUNDLE_IDENTIFIER = me.seanchang.coolcraig;
				PRODUCT_NAME = "$(TARGET_NAME)";
				SWIFT_VERSION = 5.0;
				TARGETED_DEVICE_FAMILY = "1,2";
			};
			name = Debug;
		};
		26161CF5234FF7EB00B68202 /* Release */ = {
			isa = XCBuildConfiguration;
			buildSettings = {
				ASSETCATALOG_COMPILER_APPICON_NAME = AppIcon;
				CODE_SIGN_STYLE = Automatic;
				DEVELOPMENT_ASSET_PATHS = "\"coolcraig/Preview Content\"";
				ENABLE_PREVIEWS = YES;
				INFOPLIST_FILE = coolcraig/Info.plist;
				LD_RUNPATH_SEARCH_PATHS = (
					"$(inherited)",
					"@executable_path/Frameworks",
				);
				PRODUCT_BUNDLE_IDENTIFIER = me.seanchang.coolcraig;
				PRODUCT_NAME = "$(TARGET_NAME)";
				SWIFT_VERSION = 5.0;
				TARGETED_DEVICE_FAMILY = "1,2";
			};
			name = Release;
		};
		26161CF7234FF7EB00B68202 /* Debug */ = {
			isa = XCBuildConfiguration;
			buildSettings = {
				ALWAYS_EMBED_SWIFT_STANDARD_LIBRARIES = YES;
				BUNDLE_LOADER = "$(TEST_HOST)";
				CODE_SIGN_STYLE = Automatic;
				INFOPLIST_FILE = coolcraigTests/Info.plist;
				IPHONEOS_DEPLOYMENT_TARGET = 13.0;
				LD_RUNPATH_SEARCH_PATHS = (
					"$(inherited)",
					"@executable_path/Frameworks",
					"@loader_path/Frameworks",
				);
				PRODUCT_BUNDLE_IDENTIFIER = me.seanchang.coolcraigTests;
				PRODUCT_NAME = "$(TARGET_NAME)";
				SWIFT_VERSION = 5.0;
				TARGETED_DEVICE_FAMILY = "1,2";
				TEST_HOST = "$(BUILT_PRODUCTS_DIR)/coolcraig.app/coolcraig";
			};
			name = Debug;
		};
		26161CF8234FF7EB00B68202 /* Release */ = {
			isa = XCBuildConfiguration;
			buildSettings = {
				ALWAYS_EMBED_SWIFT_STANDARD_LIBRARIES = YES;
				BUNDLE_LOADER = "$(TEST_HOST)";
				CODE_SIGN_STYLE = Automatic;
				INFOPLIST_FILE = coolcraigTests/Info.plist;
				IPHONEOS_DEPLOYMENT_TARGET = 13.0;
				LD_RUNPATH_SEARCH_PATHS = (
					"$(inherited)",
					"@executable_path/Frameworks",
					"@loader_path/Frameworks",
				);
				PRODUCT_BUNDLE_IDENTIFIER = me.seanchang.coolcraigTests;
				PRODUCT_NAME = "$(TARGET_NAME)";
				SWIFT_VERSION = 5.0;
				TARGETED_DEVICE_FAMILY = "1,2";
				TEST_HOST = "$(BUILT_PRODUCTS_DIR)/coolcraig.app/coolcraig";
			};
			name = Release;
		};
		26161CFA234FF7EB00B68202 /* Debug */ = {
			isa = XCBuildConfiguration;
			buildSettings = {
				ALWAYS_EMBED_SWIFT_STANDARD_LIBRARIES = YES;
				CODE_SIGN_STYLE = Automatic;
				INFOPLIST_FILE = coolcraigUITests/Info.plist;
				LD_RUNPATH_SEARCH_PATHS = (
					"$(inherited)",
					"@executable_path/Frameworks",
					"@loader_path/Frameworks",
				);
				PRODUCT_BUNDLE_IDENTIFIER = me.seanchang.coolcraigUITests;
				PRODUCT_NAME = "$(TARGET_NAME)";
				SWIFT_VERSION = 5.0;
				TARGETED_DEVICE_FAMILY = "1,2";
				TEST_TARGET_NAME = coolcraig;
			};
			name = Debug;
		};
		26161CFB234FF7EB00B68202 /* Release */ = {
			isa = XCBuildConfiguration;
			buildSettings = {
				ALWAYS_EMBED_SWIFT_STANDARD_LIBRARIES = YES;
				CODE_SIGN_STYLE = Automatic;
				INFOPLIST_FILE = coolcraigUITests/Info.plist;
				LD_RUNPATH_SEARCH_PATHS = (
					"$(inherited)",
					"@executable_path/Frameworks",
					"@loader_path/Frameworks",
				);
				PRODUCT_BUNDLE_IDENTIFIER = me.seanchang.coolcraigUITests;
				PRODUCT_NAME = "$(TARGET_NAME)";
				SWIFT_VERSION = 5.0;
				TARGETED_DEVICE_FAMILY = "1,2";
				TEST_TARGET_NAME = coolcraig;
			};
			name = Release;
		};
/* End XCBuildConfiguration section */

/* Begin XCConfigurationList section */
		26161CC4234FF7E700B68202 /* Build configuration list for PBXProject "coolcraig" */ = {
			isa = XCConfigurationList;
			buildConfigurations = (
				26161CF1234FF7EB00B68202 /* Debug */,
				26161CF2234FF7EB00B68202 /* Release */,
			);
			defaultConfigurationIsVisible = 0;
			defaultConfigurationName = Release;
		};
		26161CF3234FF7EB00B68202 /* Build configuration list for PBXNativeTarget "coolcraig" */ = {
			isa = XCConfigurationList;
			buildConfigurations = (
				26161CF4234FF7EB00B68202 /* Debug */,
				26161CF5234FF7EB00B68202 /* Release */,
			);
			defaultConfigurationIsVisible = 0;
			defaultConfigurationName = Release;
		};
		26161CF6234FF7EB00B68202 /* Build configuration list for PBXNativeTarget "coolcraigTests" */ = {
			isa = XCConfigurationList;
			buildConfigurations = (
				26161CF7234FF7EB00B68202 /* Debug */,
				26161CF8234FF7EB00B68202 /* Release */,
			);
			defaultConfigurationIsVisible = 0;
			defaultConfigurationName = Release;
		};
		26161CF9234FF7EB00B68202 /* Build configuration list for PBXNativeTarget "coolcraigUITests" */ = {
			isa = XCConfigurationList;
			buildConfigurations = (
				26161CFA234FF7EB00B68202 /* Debug */,
				26161CFB234FF7EB00B68202 /* Release */,
			);
			defaultConfigurationIsVisible = 0;
			defaultConfigurationName = Release;
		};
/* End XCConfigurationList section */
	};
	rootObject = 26161CC1234FF7E700B68202 /* Project object */;
}
